
Microsoft Visual Studio Solution File, Format Version 12.00
# Visual Studio Version 16
VisualStudioVersion = 16.0.29009.5
MinimumVisualStudioVersion = 10.0.40219.1
Project("{FAE04EC0-301F-11D3-BF4B-00C04F79EFBC}") = "TreasuryDepartment", "TreasuryDepartment\TreasuryDepartment.csproj", "{BCCF5908-3E4C-4367-B526-55ABD56F7267}"
EndProject
Global
	GlobalSection(SolutionConfigurationPlatforms) = preSolution
		Debug|Any CPU = Debug|Any CPU
		Release|Any CPU = Release|Any CPU
	EndGlobalSection
	GlobalSection(ProjectConfigurationPlatforms) = postSolution
		{BCCF5908-3E4C-4367-B526-55ABD56F7267}.Debug|Any CPU.ActiveCfg = Debug|Any CPU
		{BCCF5908-3E4C-4367-B526-55ABD56F7267}.Debug|Any CPU.Build.0 = Debug|Any CPU
		{BCCF5908-3E4C-4367-B526-55ABD56F7267}.Release|Any CPU.ActiveCfg = Release|Any CPU
		{BCCF5908-3E4C-4367-B526-55ABD56F7267}.Release|Any CPU.Build.0 = Release|Any CPU
	EndGlobalSection
	GlobalSection(SolutionProperties) = preSolution
		HideSolutionNode = FALSE
	EndGlobalSection
	GlobalSection(ExtensibilityGlobals) = postSolution
		SolutionGuid = {C05E84D0-E9CC-4BCD-9D19-86F3FFCB7A98}
	EndGlobalSection
EndGlobal
