
Microsoft Visual Studio Solution File, Format Version 12.00
# Visual Studio Version 16
VisualStudioVersion = 16.0.29009.5
MinimumVisualStudioVersion = 10.0.40219.1
Project("{FAE04EC0-301F-11D3-BF4B-00C04F79EFBC}") = "TreasuryDepartment", "TreasuryDepartment\TreasuryDepartment.csproj", "{96CCE98D-49A7-4984-8ABF-47E76249A3A8}"
EndProject
Global
	GlobalSection(SolutionConfigurationPlatforms) = preSolution
		Debug|Any CPU = Debug|Any CPU
		Release|Any CPU = Release|Any CPU
	EndGlobalSection
	GlobalSection(ProjectConfigurationPlatforms) = postSolution
		{96CCE98D-49A7-4984-8ABF-47E76249A3A8}.Debug|Any CPU.ActiveCfg = Debug|Any CPU
		{96CCE98D-49A7-4984-8ABF-47E76249A3A8}.Debug|Any CPU.Build.0 = Debug|Any CPU
		{96CCE98D-49A7-4984-8ABF-47E76249A3A8}.Release|Any CPU.ActiveCfg = Release|Any CPU
		{96CCE98D-49A7-4984-8ABF-47E76249A3A8}.Release|Any CPU.Build.0 = Release|Any CPU
	EndGlobalSection
	GlobalSection(SolutionProperties) = preSolution
		HideSolutionNode = FALSE
	EndGlobalSection
	GlobalSection(ExtensibilityGlobals) = postSolution
		SolutionGuid = {E293551E-FCD7-477D-A8CC-D74F7C27C5A2}
	EndGlobalSection
EndGlobal
